
Microsoft Visual Studio Solution File, Format Version 12.00
# Visual Studio Version 16
VisualStudioVersion = 16.0.28922.388
MinimumVisualStudioVersion = 10.0.40219.1
Project("{2150E333-8FDC-42A3-9474-1A3956D46DE8}") = "src", "src", "{00522618-96C3-456F-BCB8-C7DE2DE0A86E}"
EndProject
Project("{2150E333-8FDC-42A3-9474-1A3956D46DE8}") = "test", "test", "{4FBC301B-8E79-424E-9717-A509CBE36092}"
EndProject
Project("{9A19103F-16F7-4668-BE54-9A1E7A4F7556}") = "Elmah.Io.Blazor", "src\Elmah.Io.Blazor\Elmah.Io.Blazor.csproj", "{D83D0103-1B3D-4E88-8485-21BE3A9C85E5}"
EndProject
Project("{2150E333-8FDC-42A3-9474-1A3956D46DE8}") = "sample", "sample", "{E2EF28F9-7438-4B6B-AEB5-EFFD627FC261}"
EndProject
Project("{9A19103F-16F7-4668-BE54-9A1E7A4F7556}") = "Elmah.Io.Blazor.Server", "sample\Elmah.Io.Blazor.Server\Elmah.Io.Blazor.Server.csproj", "{8E70B0F8-AC14-4DB2-9FDB-6C19500DD5C8}"
EndProject
Project("{2150E333-8FDC-42A3-9474-1A3956D46DE8}") = "Solution Items", "Solution Items", "{62049ED1-A8BE-4C80-8FE7-4DF5B2B43859}"
	ProjectSection(SolutionItems) = preProject
		appveyor.yml = appveyor.yml
		global.json = global.json
	EndProjectSection
EndProject
Global
	GlobalSection(SolutionConfigurationPlatforms) = preSolution
		Debug|Any CPU = Debug|Any CPU
		Release|Any CPU = Release|Any CPU
	EndGlobalSection
	GlobalSection(ProjectConfigurationPlatforms) = postSolution
		{D83D0103-1B3D-4E88-8485-21BE3A9C85E5}.Debug|Any CPU.ActiveCfg = Debug|Any CPU
		{D83D0103-1B3D-4E88-8485-21BE3A9C85E5}.Debug|Any CPU.Build.0 = Debug|Any CPU
		{D83D0103-1B3D-4E88-8485-21BE3A9C85E5}.Release|Any CPU.ActiveCfg = Release|Any CPU
		{D83D0103-1B3D-4E88-8485-21BE3A9C85E5}.Release|Any CPU.Build.0 = Release|Any CPU
		{8E70B0F8-AC14-4DB2-9FDB-6C19500DD5C8}.Debug|Any CPU.ActiveCfg = Debug|Any CPU
		{8E70B0F8-AC14-4DB2-9FDB-6C19500DD5C8}.Debug|Any CPU.Build.0 = Debug|Any CPU
		{8E70B0F8-AC14-4DB2-9FDB-6C19500DD5C8}.Release|Any CPU.ActiveCfg = Release|Any CPU
		{8E70B0F8-AC14-4DB2-9FDB-6C19500DD5C8}.Release|Any CPU.Build.0 = Release|Any CPU
	EndGlobalSection
	GlobalSection(SolutionProperties) = preSolution
		HideSolutionNode = FALSE
	EndGlobalSection
	GlobalSection(NestedProjects) = preSolution
		{D83D0103-1B3D-4E88-8485-21BE3A9C85E5} = {00522618-96C3-456F-BCB8-C7DE2DE0A86E}
		{8E70B0F8-AC14-4DB2-9FDB-6C19500DD5C8} = {E2EF28F9-7438-4B6B-AEB5-EFFD627FC261}
	EndGlobalSection
	GlobalSection(ExtensibilityGlobals) = postSolution
		SolutionGuid = {B316A503-A3EF-4DC4-AC11-18C7037CAEA8}
	EndGlobalSection
EndGlobal
